
Microsoft Visual Studio Solution File, Format Version 12.00
# Visual Studio Version 17
VisualStudioVersion = 17.14.36401.2 d17.14
MinimumVisualStudioVersion = 10.0.40219.1
Project("{F184B08F-C81C-45F6-A57F-5ABD9991F28F}") = "Tarea3", "Tarea3\Tarea3.vbproj", "{347483DC-5496-4D0D-80D6-0BC217F882B7}"
EndProject
Global
	GlobalSection(SolutionConfigurationPlatforms) = preSolution
		Debug|Any CPU = Debug|Any CPU
		Release|Any CPU = Release|Any CPU
	EndGlobalSection
	GlobalSection(ProjectConfigurationPlatforms) = postSolution
		{347483DC-5496-4D0D-80D6-0BC217F882B7}.Debug|Any CPU.ActiveCfg = Debug|Any CPU
		{347483DC-5496-4D0D-80D6-0BC217F882B7}.Debug|Any CPU.Build.0 = Debug|Any CPU
		{347483DC-5496-4D0D-80D6-0BC217F882B7}.Release|Any CPU.ActiveCfg = Release|Any CPU
		{347483DC-5496-4D0D-80D6-0BC217F882B7}.Release|Any CPU.Build.0 = Release|Any CPU
	EndGlobalSection
	GlobalSection(SolutionProperties) = preSolution
		HideSolutionNode = FALSE
	EndGlobalSection
	GlobalSection(ExtensibilityGlobals) = postSolution
		SolutionGuid = {FFF41A7C-0E94-426A-9061-35B6B0DB1839}
	EndGlobalSection
EndGlobal
